{
  "nodes": {
    "call-flake": {
      "locked": {
        "lastModified": 1716081947,
        "narHash": "sha256-ythzL6iO/eE6r1IA6dflpWx0vC4JBGBlHLTK3BpYhrQ=",
        "owner": "divnix",
        "repo": "call-flake",
        "rev": "79fb015ae3dfb26ff65536f947f200c17c66cb4a",
        "type": "github"
      },
      "original": {
        "owner": "divnix",
        "repo": "call-flake",
        "type": "github"
      }
    },
    "nixpkgs": {
      "locked": {
        "lastModified": 1716451822,
        "narHash": "sha256-0lT5RVelqN+dgXWWneXvV5ufSksW0r0TDQi8O6U2+o8=",
        "owner": "NixOS",
        "repo": "nixpkgs",
        "rev": "3305b2b25e4ae4baee872346eae133cf6f611783",
        "type": "github"
      },
      "original": {
        "owner": "NixOS",
        "ref": "nixpkgs-unstable",
        "repo": "nixpkgs",
        "type": "github"
      }
    },
    "parts": {
      "inputs": {
        "nixpkgs-lib": [
          "nixpkgs"
        ]
      },
      "locked": {
        "lastModified": 1715865404,
        "narHash": "sha256-/GJvTdTpuDjNn84j82cU6bXztE0MSkdnTWClUCRub78=",
        "owner": "hercules-ci",
        "repo": "flake-parts",
        "rev": "8dc45382d5206bd292f9c2768b8058a8fd8311d9",
        "type": "github"
      },
      "original": {
        "owner": "hercules-ci",
        "repo": "flake-parts",
        "type": "github"
      }
    },
    "root": {
      "inputs": {
        "call-flake": "call-flake",
        "nixpkgs": "nixpkgs",
        "parts": "parts"
      }
    }
  },
  "root": "root",
  "version": 7
}
